
Microsoft Visual Studio Solution File, Format Version 12.00
# Visual Studio Version 17
VisualStudioVersion = 17.2.32526.322
MinimumVisualStudioVersion = 10.0.40219.1
Project("{FAE04EC0-301F-11D3-BF4B-00C04F79EFBC}") = "RedSocialDeportiva.Server", "RedSocialDeportiva\Server\RedSocialDeportiva.Server.csproj", "{FDD38AB8-F27E-42E1-AE48-D3809C590439}"
EndProject
Project("{FAE04EC0-301F-11D3-BF4B-00C04F79EFBC}") = "RedSocialDeportiva.Client", "RedSocialDeportiva\Client\RedSocialDeportiva.Client.csproj", "{842234F1-3946-470C-A821-4FE4F4BCAD2E}"
EndProject
Project("{FAE04EC0-301F-11D3-BF4B-00C04F79EFBC}") = "RedSocialDeportiva.Shared", "RedSocialDeportiva\Shared\RedSocialDeportiva.Shared.csproj", "{87D1D0DC-3F9E-4057-955D-27E8EE6FB2F3}"
EndProject
Project("{FAE04EC0-301F-11D3-BF4B-00C04F79EFBC}") = "RedSocial.BD", "RedSocial.BD\RedSocial.BD.csproj", "{A3175F4C-8458-4D17-BB4B-39AFD28E454A}"
EndProject
Global
	GlobalSection(SolutionConfigurationPlatforms) = preSolution
		Debug|Any CPU = Debug|Any CPU
		Release|Any CPU = Release|Any CPU
	EndGlobalSection
	GlobalSection(ProjectConfigurationPlatforms) = postSolution
		{FDD38AB8-F27E-42E1-AE48-D3809C590439}.Debug|Any CPU.ActiveCfg = Debug|Any CPU
		{FDD38AB8-F27E-42E1-AE48-D3809C590439}.Debug|Any CPU.Build.0 = Debug|Any CPU
		{FDD38AB8-F27E-42E1-AE48-D3809C590439}.Release|Any CPU.ActiveCfg = Release|Any CPU
		{FDD38AB8-F27E-42E1-AE48-D3809C590439}.Release|Any CPU.Build.0 = Release|Any CPU
		{842234F1-3946-470C-A821-4FE4F4BCAD2E}.Debug|Any CPU.ActiveCfg = Debug|Any CPU
		{842234F1-3946-470C-A821-4FE4F4BCAD2E}.Debug|Any CPU.Build.0 = Debug|Any CPU
		{842234F1-3946-470C-A821-4FE4F4BCAD2E}.Release|Any CPU.ActiveCfg = Release|Any CPU
		{842234F1-3946-470C-A821-4FE4F4BCAD2E}.Release|Any CPU.Build.0 = Release|Any CPU
		{87D1D0DC-3F9E-4057-955D-27E8EE6FB2F3}.Debug|Any CPU.ActiveCfg = Debug|Any CPU
		{87D1D0DC-3F9E-4057-955D-27E8EE6FB2F3}.Debug|Any CPU.Build.0 = Debug|Any CPU
		{87D1D0DC-3F9E-4057-955D-27E8EE6FB2F3}.Release|Any CPU.ActiveCfg = Release|Any CPU
		{87D1D0DC-3F9E-4057-955D-27E8EE6FB2F3}.Release|Any CPU.Build.0 = Release|Any CPU
		{A3175F4C-8458-4D17-BB4B-39AFD28E454A}.Debug|Any CPU.ActiveCfg = Debug|Any CPU
		{A3175F4C-8458-4D17-BB4B-39AFD28E454A}.Debug|Any CPU.Build.0 = Debug|Any CPU
		{A3175F4C-8458-4D17-BB4B-39AFD28E454A}.Release|Any CPU.ActiveCfg = Release|Any CPU
		{A3175F4C-8458-4D17-BB4B-39AFD28E454A}.Release|Any CPU.Build.0 = Release|Any CPU
	EndGlobalSection
	GlobalSection(SolutionProperties) = preSolution
		HideSolutionNode = FALSE
	EndGlobalSection
	GlobalSection(ExtensibilityGlobals) = postSolution
		SolutionGuid = {6B93DA60-7A28-42F6-8C60-6E0E47E279A9}
	EndGlobalSection
EndGlobal
